
Microsoft Visual Studio Solution File, Format Version 12.00
# Visual Studio Version 17
VisualStudioVersion = 17.5.002.0
MinimumVisualStudioVersion = 10.0.40219.1
Project("{2150E333-8FDC-42A3-9474-1A3956D46DE8}") = "bubble-sort-design", "bubble-sort-design", "{B2C27A6C-47E0-4974-A625-BFA6F76CCEC8}"
EndProject
Project("{2150E333-8FDC-42A3-9474-1A3956D46DE8}") = "05-refactor-again", "05-refactor-again", "{5514BB87-B8C3-4C82-873B-2A22AE3FFDC8}"
EndProject
Project("{9A19103F-16F7-4668-BE54-9A1E7A4F7556}") = "BubbleSort", "bubble-sort-design\05-refactor-again\BubbleSort\BubbleSort.csproj", "{2B0A7407-508C-4E61-8991-7746703A598D}"
EndProject
Project("{2150E333-8FDC-42A3-9474-1A3956D46DE8}") = "04-refactor", "04-refactor", "{BF7DED8B-92E4-4221-A769-D198AD933453}"
EndProject
Project("{9A19103F-16F7-4668-BE54-9A1E7A4F7556}") = "BubbleSort", "bubble-sort-design\04-refactor\BubbleSort\BubbleSort.csproj", "{CE7D1D83-58A9-42D5-9B59-9EB269CD585F}"
EndProject
Project("{2150E333-8FDC-42A3-9474-1A3956D46DE8}") = "03-first-cr", "03-first-cr", "{6FD1BDB4-A8E1-427B-A490-58CAC28CD6F6}"
EndProject
Project("{9A19103F-16F7-4668-BE54-9A1E7A4F7556}") = "BubbleSort", "bubble-sort-design\03-first-cr\BubbleSort\BubbleSort.csproj", "{D91CA907-29A2-409E-8212-5A30BFBB9129}"
EndProject
Project("{2150E333-8FDC-42A3-9474-1A3956D46DE8}") = "06-cr-again", "06-cr-again", "{1CBFD48B-42C3-486F-8B50-FF8B01B5DF8A}"
EndProject
Project("{9A19103F-16F7-4668-BE54-9A1E7A4F7556}") = "BubbleSort", "bubble-sort-design\06-cr-again\BubbleSort\BubbleSort.csproj", "{610EC110-4385-482F-AB47-3BFE06B78D52}"
EndProject
Project("{2150E333-8FDC-42A3-9474-1A3956D46DE8}") = "02-refactor-first-time", "02-refactor-first-time", "{988A0FBB-26D2-4695-B242-BD16BB5B5055}"
EndProject
Project("{9A19103F-16F7-4668-BE54-9A1E7A4F7556}") = "BubbleSort", "bubble-sort-design\02-refactor-first-time\BubbleSort\BubbleSort.csproj", "{1B0B5FF3-A239-449B-B8A6-25D6E6E6344F}"
EndProject
Project("{2150E333-8FDC-42A3-9474-1A3956D46DE8}") = "01-runable", "01-runable", "{66A165F3-C174-4CA6-923D-0D5B2B8C6F27}"
EndProject
Project("{9A19103F-16F7-4668-BE54-9A1E7A4F7556}") = "BubbleSort", "bubble-sort-design\01-runable\BubbleSort\BubbleSort.csproj", "{6531D9F5-02C5-4430-A6F9-CD606A053132}"
EndProject
Global
	GlobalSection(SolutionConfigurationPlatforms) = preSolution
		Debug|Any CPU = Debug|Any CPU
		Release|Any CPU = Release|Any CPU
	EndGlobalSection
	GlobalSection(ProjectConfigurationPlatforms) = postSolution
		{2B0A7407-508C-4E61-8991-7746703A598D}.Debug|Any CPU.ActiveCfg = Debug|Any CPU
		{2B0A7407-508C-4E61-8991-7746703A598D}.Debug|Any CPU.Build.0 = Debug|Any CPU
		{2B0A7407-508C-4E61-8991-7746703A598D}.Release|Any CPU.ActiveCfg = Release|Any CPU
		{2B0A7407-508C-4E61-8991-7746703A598D}.Release|Any CPU.Build.0 = Release|Any CPU
		{CE7D1D83-58A9-42D5-9B59-9EB269CD585F}.Debug|Any CPU.ActiveCfg = Debug|Any CPU
		{CE7D1D83-58A9-42D5-9B59-9EB269CD585F}.Debug|Any CPU.Build.0 = Debug|Any CPU
		{CE7D1D83-58A9-42D5-9B59-9EB269CD585F}.Release|Any CPU.ActiveCfg = Release|Any CPU
		{CE7D1D83-58A9-42D5-9B59-9EB269CD585F}.Release|Any CPU.Build.0 = Release|Any CPU
		{D91CA907-29A2-409E-8212-5A30BFBB9129}.Debug|Any CPU.ActiveCfg = Debug|Any CPU
		{D91CA907-29A2-409E-8212-5A30BFBB9129}.Debug|Any CPU.Build.0 = Debug|Any CPU
		{D91CA907-29A2-409E-8212-5A30BFBB9129}.Release|Any CPU.ActiveCfg = Release|Any CPU
		{D91CA907-29A2-409E-8212-5A30BFBB9129}.Release|Any CPU.Build.0 = Release|Any CPU
		{610EC110-4385-482F-AB47-3BFE06B78D52}.Debug|Any CPU.ActiveCfg = Debug|Any CPU
		{610EC110-4385-482F-AB47-3BFE06B78D52}.Debug|Any CPU.Build.0 = Debug|Any CPU
		{610EC110-4385-482F-AB47-3BFE06B78D52}.Release|Any CPU.ActiveCfg = Release|Any CPU
		{610EC110-4385-482F-AB47-3BFE06B78D52}.Release|Any CPU.Build.0 = Release|Any CPU
		{1B0B5FF3-A239-449B-B8A6-25D6E6E6344F}.Debug|Any CPU.ActiveCfg = Debug|Any CPU
		{1B0B5FF3-A239-449B-B8A6-25D6E6E6344F}.Debug|Any CPU.Build.0 = Debug|Any CPU
		{1B0B5FF3-A239-449B-B8A6-25D6E6E6344F}.Release|Any CPU.ActiveCfg = Release|Any CPU
		{1B0B5FF3-A239-449B-B8A6-25D6E6E6344F}.Release|Any CPU.Build.0 = Release|Any CPU
		{6531D9F5-02C5-4430-A6F9-CD606A053132}.Debug|Any CPU.ActiveCfg = Debug|Any CPU
		{6531D9F5-02C5-4430-A6F9-CD606A053132}.Debug|Any CPU.Build.0 = Debug|Any CPU
		{6531D9F5-02C5-4430-A6F9-CD606A053132}.Release|Any CPU.ActiveCfg = Release|Any CPU
		{6531D9F5-02C5-4430-A6F9-CD606A053132}.Release|Any CPU.Build.0 = Release|Any CPU
	EndGlobalSection
	GlobalSection(SolutionProperties) = preSolution
		HideSolutionNode = FALSE
	EndGlobalSection
	GlobalSection(NestedProjects) = preSolution
		{5514BB87-B8C3-4C82-873B-2A22AE3FFDC8} = {B2C27A6C-47E0-4974-A625-BFA6F76CCEC8}
		{2B0A7407-508C-4E61-8991-7746703A598D} = {5514BB87-B8C3-4C82-873B-2A22AE3FFDC8}
		{BF7DED8B-92E4-4221-A769-D198AD933453} = {B2C27A6C-47E0-4974-A625-BFA6F76CCEC8}
		{CE7D1D83-58A9-42D5-9B59-9EB269CD585F} = {BF7DED8B-92E4-4221-A769-D198AD933453}
		{6FD1BDB4-A8E1-427B-A490-58CAC28CD6F6} = {B2C27A6C-47E0-4974-A625-BFA6F76CCEC8}
		{D91CA907-29A2-409E-8212-5A30BFBB9129} = {6FD1BDB4-A8E1-427B-A490-58CAC28CD6F6}
		{1CBFD48B-42C3-486F-8B50-FF8B01B5DF8A} = {B2C27A6C-47E0-4974-A625-BFA6F76CCEC8}
		{610EC110-4385-482F-AB47-3BFE06B78D52} = {1CBFD48B-42C3-486F-8B50-FF8B01B5DF8A}
		{988A0FBB-26D2-4695-B242-BD16BB5B5055} = {B2C27A6C-47E0-4974-A625-BFA6F76CCEC8}
		{1B0B5FF3-A239-449B-B8A6-25D6E6E6344F} = {988A0FBB-26D2-4695-B242-BD16BB5B5055}
		{66A165F3-C174-4CA6-923D-0D5B2B8C6F27} = {B2C27A6C-47E0-4974-A625-BFA6F76CCEC8}
		{6531D9F5-02C5-4430-A6F9-CD606A053132} = {66A165F3-C174-4CA6-923D-0D5B2B8C6F27}
	EndGlobalSection
	GlobalSection(ExtensibilityGlobals) = postSolution
		SolutionGuid = {6B1A1954-CCF2-40CF-A95E-0B61DD421CE6}
	EndGlobalSection
EndGlobal
